{
  "name": "semantec-ui-progress-media",
  "version": "0.0.1",
  "lockfileVersion": 1,
  "requires": true,
  "dependencies": {
    "jquery": {
      "version": "3.3.1",
      "resolved": "https://registry.npmjs.org/jquery/-/jquery-3.3.1.tgz",
      "integrity": "sha512-Ubldcmxp5np52/ENotGxlLe6aGMvmF4R8S6tZjsP6Knsaxd/xp3Zrh50cG93lR6nPXyUFwzN3ZSOQI0wRJNdGg==",
      "dev": true
    },
    "semantic-ui-icon": {
      "version": "2.3.3",
      "resolved": "https://registry.npmjs.org/semantic-ui-icon/-/semantic-ui-icon-2.3.3.tgz",
      "integrity": "sha512-TuO265ICYGoNPs0rjanqDlrx8hfcpl4MMv92OUwFCbDwee4nGj8+Dv+i1RvkPPr0gO565G/0EKs8vF4wwhMMBw==",
      "dev": true
    },
    "semantic-ui-progress": {
      "version": "2.3.1",
      "resolved": "https://registry.npmjs.org/semantic-ui-progress/-/semantic-ui-progress-2.3.1.tgz",
      "integrity": "sha512-zZ6WgQsPHvk8jvPfxio1QVG3tynfZDAC+a9vrK3w4k3P/OfKlaenh91ksorKeCnqlrYOc+NfqyZXwMbWSupdSQ==",
      "dev": true
    }
  }
}
